
Microsoft Visual Studio Solution File, Format Version 12.00
# Visual Studio Version 16
VisualStudioVersion = 16.0.810.25
MinimumVisualStudioVersion = 10.0.40219.1
Project("{FAE04EC0-301F-11D3-BF4B-00C04F79EFBC}") = "DS", "DS.csproj", "{3067900F-1BE9-49DB-9413-9EC629EDC2EC}"
EndProject
Global
	GlobalSection(SolutionConfigurationPlatforms) = preSolution
		Debug|anycpu = Debug|anycpu
		Release|anycpu = Release|anycpu
	EndGlobalSection
	GlobalSection(ProjectConfigurationPlatforms) = postSolution
		{3067900F-1BE9-49DB-9413-9EC629EDC2EC}.Debug|anycpu.ActiveCfg = Debug|anycpu
		{3067900F-1BE9-49DB-9413-9EC629EDC2EC}.Debug|anycpu.Build.0 = Debug|anycpu
		{3067900F-1BE9-49DB-9413-9EC629EDC2EC}.Release|anycpu.ActiveCfg = Release|anycpu
		{3067900F-1BE9-49DB-9413-9EC629EDC2EC}.Release|anycpu.Build.0 = Release|anycpu
	EndGlobalSection
	GlobalSection(SolutionProperties) = preSolution
		HideSolutionNode = FALSE
	EndGlobalSection
	GlobalSection(ExtensibilityGlobals) = postSolution
		SolutionGuid = {5A3CA5A4-14F7-4753-BF66-8D5837721AB5}
	EndGlobalSection
EndGlobal
